// !$*UTF8*$!
{
	archiveVersion = 1;
	classes = {
	};
	objectVersion = 50;
	objects = {

/* Begin PBXBuildFile section */
		0A23B21E221D49D30082CB35 /* CHDShare.m in Sources */ = {isa = PBXBuildFile; fileRef = 0A23B21D221D49D30082CB35 /* CHDShare.m */; };
		0A23B220221D51F80082CB35 /* CHDAboutViewController.swift in Sources */ = {isa = PBXBuildFile; fileRef = 0A23B21F221D51F80082CB35 /* CHDAboutViewController.swift */; };
		0A23B222221D53840082CB35 /* p.jpeg in Resources */ = {isa = PBXBuildFile; fileRef = 0A23B221221D53840082CB35 /* p.jpeg */; };
		0A4A6DEF221E728E004EF39E /* Keyboard_Backspace@2x.png in Resources */ = {isa = PBXBuildFile; fileRef = 0A4A6DE8221E728E004EF39E /* Keyboard_Backspace@2x.png */; };
		0A4A6DF0221E728E004EF39E /* Keyboard_Backspace@3x.png in Resources */ = {isa = PBXBuildFile; fileRef = 0A4A6DE9221E728E004EF39E /* Keyboard_Backspace@3x.png */; };
		0A4A6DF1221E728E004EF39E /* Keyboard_DismissKey.png in Resources */ = {isa = PBXBuildFile; fileRef = 0A4A6DEA221E728E004EF39E /* Keyboard_DismissKey.png */; };
		0A4A6DF2221E728E004EF39E /* Keyboard_DismissKey@2x.png in Resources */ = {isa = PBXBuildFile; fileRef = 0A4A6DEB221E728E004EF39E /* Keyboard_DismissKey@2x.png */; };
		0A4A6DF3221E728E004EF39E /* Keyboard_DismissKey@3x.png in Resources */ = {isa = PBXBuildFile; fileRef = 0A4A6DEC221E728E004EF39E /* Keyboard_DismissKey@3x.png */; };
		0A4A6DF4221E728F004EF39E /* DigitalKeyboard.bundle in Resources */ = {isa = PBXBuildFile; fileRef = 0A4A6DED221E728E004EF39E /* DigitalKeyboard.bundle */; };
		0A4A6DF5221E728F004EF39E /* DigitalKeyboard.swift in Sources */ = {isa = PBXBuildFile; fileRef = 0A4A6DEE221E728E004EF39E /* DigitalKeyboard.swift */; };
		0ADC870E21D8E0F000908F86 /* AppDelegate.swift in Sources */ = {isa = PBXBuildFile; fileRef = 0ADC870D21D8E0F000908F86 /* AppDelegate.swift */; };
		0ADC871521D8E0F200908F86 /* Assets.xcassets in Resources */ = {isa = PBXBuildFile; fileRef = 0ADC871421D8E0F200908F86 /* Assets.xcassets */; };
		0ADC871821D8E0F200908F86 /* LaunchScreen.storyboard in Resources */ = {isa = PBXBuildFile; fileRef = 0ADC871621D8E0F200908F86 /* LaunchScreen.storyboard */; };
		0ADC872021D8E1D000908F86 /* Tools.swift in Sources */ = {isa = PBXBuildFile; fileRef = 0ADC871F21D8E1D000908F86 /* Tools.swift */; };
		0ADC872221D8E2EA00908F86 /* CHDMainController.swift in Sources */ = {isa = PBXBuildFile; fileRef = 0ADC872121D8E2EA00908F86 /* CHDMainController.swift */; };
		0ADC872421D8E31100908F86 /* CHDController.swift in Sources */ = {isa = PBXBuildFile; fileRef = 0ADC872321D8E31100908F86 /* CHDController.swift */; };
		0ADC872721D8E94100908F86 /* GongZiCell.swift in Sources */ = {isa = PBXBuildFile; fileRef = 0ADC872621D8E94100908F86 /* GongZiCell.swift */; };
		0ADC872921D8F38E00908F86 /* WuXian.swift in Sources */ = {isa = PBXBuildFile; fileRef = 0ADC872821D8F38E00908F86 /* WuXian.swift */; };
		0ADC872B21D9012D00908F86 /* YiJin.swift in Sources */ = {isa = PBXBuildFile; fileRef = 0ADC872A21D9012C00908F86 /* YiJin.swift */; };
		0ADC872D21D9075200908F86 /* QiZhengDian.swift in Sources */ = {isa = PBXBuildFile; fileRef = 0ADC872C21D9075200908F86 /* QiZhengDian.swift */; };
		0ADC872F21D9077E00908F86 /* ZhuanXiangKouChu.swift in Sources */ = {isa = PBXBuildFile; fileRef = 0ADC872E21D9077E00908F86 /* ZhuanXiangKouChu.swift */; };
		0ADC873221DB784B00908F86 /* CHDBaseNavigationContrller.swift in Sources */ = {isa = PBXBuildFile; fileRef = 0ADC873121DB784B00908F86 /* CHDBaseNavigationContrller.swift */; };
		0ADC873421DB794400908F86 /* CHDNavigationController.swift in Sources */ = {isa = PBXBuildFile; fileRef = 0ADC873321DB794400908F86 /* CHDNavigationController.swift */; };
		0ADC873721DB8C1A00908F86 /* CHDResultViewController.swift in Sources */ = {isa = PBXBuildFile; fileRef = 0ADC873621DB8C1A00908F86 /* CHDResultViewController.swift */; };
		0ADC873921DCDC8100908F86 /* 1024.png in Resources */ = {isa = PBXBuildFile; fileRef = 0ADC873821DCDC8100908F86 /* 1024.png */; };
		D235F2B23688D93A05C4F4C2 /* Pods_beiJingGeShui.framework in Frameworks */ = {isa = PBXBuildFile; fileRef = 8547ACD7457DBB26FF1444F5 /* Pods_beiJingGeShui.framework */; };
/* End PBXBuildFile section */

/* Begin PBXFileReference section */
		0A23B21B221D49D20082CB35 /* beiJingGeShui-Bridging-Header.h */ = {isa = PBXFileReference; lastKnownFileType = sourcecode.c.h; path = "beiJingGeShui-Bridging-Header.h"; sourceTree = "<group>"; };
		0A23B21C221D49D30082CB35 /* CHDShare.h */ = {isa = PBXFileReference; fileEncoding = 4; lastKnownFileType = sourcecode.c.h; path = CHDShare.h; sourceTree = "<group>"; };
		0A23B21D221D49D30082CB35 /* CHDShare.m */ = {isa = PBXFileReference; fileEncoding = 4; lastKnownFileType = sourcecode.c.objc; path = CHDShare.m; sourceTree = "<group>"; };
		0A23B21F221D51F80082CB35 /* CHDAboutViewController.swift */ = {isa = PBXFileReference; lastKnownFileType = sourcecode.swift; path = CHDAboutViewController.swift; sourceTree = "<group>"; };
		0A23B221221D53840082CB35 /* p.jpeg */ = {isa = PBXFileReference; lastKnownFileType = image.jpeg; path = p.jpeg; sourceTree = "<group>"; };
		0A4A6DE8221E728E004EF39E /* Keyboard_Backspace@2x.png */ = {isa = PBXFileReference; lastKnownFileType = image.png; path = "Keyboard_Backspace@2x.png"; sourceTree = "<group>"; };
		0A4A6DE9221E728E004EF39E /* Keyboard_Backspace@3x.png */ = {isa = PBXFileReference; lastKnownFileType = image.png; path = "Keyboard_Backspace@3x.png"; sourceTree = "<group>"; };
		0A4A6DEA221E728E004EF39E /* Keyboard_DismissKey.png */ = {isa = PBXFileReference; lastKnownFileType = image.png; path = Keyboard_DismissKey.png; sourceTree = "<group>"; };
		0A4A6DEB221E728E004EF39E /* Keyboard_DismissKey@2x.png */ = {isa = PBXFileReference; lastKnownFileType = image.png; path = "Keyboard_DismissKey@2x.png"; sourceTree = "<group>"; };
		0A4A6DEC221E728E004EF39E /* Keyboard_DismissKey@3x.png */ = {isa = PBXFileReference; lastKnownFileType = image.png; path = "Keyboard_DismissKey@3x.png"; sourceTree = "<group>"; };
		0A4A6DED221E728E004EF39E /* DigitalKeyboard.bundle */ = {isa = PBXFileReference; lastKnownFileType = "wrapper.plug-in"; path = DigitalKeyboard.bundle; sourceTree = "<group>"; };
		0A4A6DEE221E728E004EF39E /* DigitalKeyboard.swift */ = {isa = PBXFileReference; fileEncoding = 4; lastKnownFileType = sourcecode.swift; path = DigitalKeyboard.swift; sourceTree = "<group>"; };
		0ADC870A21D8E0F000908F86 /* beiJingGeShui.app */ = {isa = PBXFileReference; explicitFileType = wrapper.application; includeInIndex = 0; path = beiJingGeShui.app; sourceTree = BUILT_PRODUCTS_DIR; };
		0ADC870D21D8E0F000908F86 /* AppDelegate.swift */ = {isa = PBXFileReference; lastKnownFileType = sourcecode.swift; path = AppDelegate.swift; sourceTree = "<group>"; };
		0ADC871421D8E0F200908F86 /* Assets.xcassets */ = {isa = PBXFileReference; lastKnownFileType = folder.assetcatalog; path = Assets.xcassets; sourceTree = "<group>"; };
		0ADC871721D8E0F200908F86 /* Base */ = {isa = PBXFileReference; lastKnownFileType = file.storyboard; name = Base; path = Base.lproj/LaunchScreen.storyboard; sourceTree = "<group>"; };
		0ADC871921D8E0F200908F86 /* Info.plist */ = {isa = PBXFileReference; lastKnownFileType = text.plist.xml; path = Info.plist; sourceTree = "<group>"; };
		0ADC871F21D8E1D000908F86 /* Tools.swift */ = {isa = PBXFileReference; lastKnownFileType = sourcecode.swift; path = Tools.swift; sourceTree = "<group>"; };
		0ADC872121D8E2EA00908F86 /* CHDMainController.swift */ = {isa = PBXFileReference; lastKnownFileType = sourcecode.swift; path = CHDMainController.swift; sourceTree = "<group>"; };
		0ADC872321D8E31100908F86 /* CHDController.swift */ = {isa = PBXFileReference; lastKnownFileType = sourcecode.swift; path = CHDController.swift; sourceTree = "<group>"; };
		0ADC872621D8E94100908F86 /* GongZiCell.swift */ = {isa = PBXFileReference; lastKnownFileType = sourcecode.swift; path = GongZiCell.swift; sourceTree = "<group>"; };
		0ADC872821D8F38E00908F86 /* WuXian.swift */ = {isa = PBXFileReference; lastKnownFileType = sourcecode.swift; path = WuXian.swift; sourceTree = "<group>"; };
		0ADC872A21D9012C00908F86 /* YiJin.swift */ = {isa = PBXFileReference; lastKnownFileType = sourcecode.swift; path = YiJin.swift; sourceTree = "<group>"; };
		0ADC872C21D9075200908F86 /* QiZhengDian.swift */ = {isa = PBXFileReference; lastKnownFileType = sourcecode.swift; path = QiZhengDian.swift; sourceTree = "<group>"; };
		0ADC872E21D9077E00908F86 /* ZhuanXiangKouChu.swift */ = {isa = PBXFileReference; lastKnownFileType = sourcecode.swift; path = ZhuanXiangKouChu.swift; sourceTree = "<group>"; };
		0ADC873121DB784B00908F86 /* CHDBaseNavigationContrller.swift */ = {isa = PBXFileReference; lastKnownFileType = sourcecode.swift; path = CHDBaseNavigationContrller.swift; sourceTree = "<group>"; };
		0ADC873321DB794400908F86 /* CHDNavigationController.swift */ = {isa = PBXFileReference; lastKnownFileType = sourcecode.swift; path = CHDNavigationController.swift; sourceTree = "<group>"; };
		0ADC873621DB8C1A00908F86 /* CHDResultViewController.swift */ = {isa = PBXFileReference; lastKnownFileType = sourcecode.swift; path = CHDResultViewController.swift; sourceTree = "<group>"; };
		0ADC873821DCDC8100908F86 /* 1024.png */ = {isa = PBXFileReference; lastKnownFileType = image.png; path = 1024.png; sourceTree = "<group>"; };
		8547ACD7457DBB26FF1444F5 /* Pods_beiJingGeShui.framework */ = {isa = PBXFileReference; explicitFileType = wrapper.framework; includeInIndex = 0; path = Pods_beiJingGeShui.framework; sourceTree = BUILT_PRODUCTS_DIR; };
		9C25C0B43C1FB0A1856C531E /* Pods-beiJingGeShui.debug.xcconfig */ = {isa = PBXFileReference; includeInIndex = 1; lastKnownFileType = text.xcconfig; name = "Pods-beiJingGeShui.debug.xcconfig"; path = "Pods/Target Support Files/Pods-beiJingGeShui/Pods-beiJingGeShui.debug.xcconfig"; sourceTree = "<group>"; };
		D4E53EAB2E6F2FEA3A091192 /* Pods-beiJingGeShui.release.xcconfig */ = {isa = PBXFileReference; includeInIndex = 1; lastKnownFileType = text.xcconfig; name = "Pods-beiJingGeShui.release.xcconfig"; path = "Pods/Target Support Files/Pods-beiJingGeShui/Pods-beiJingGeShui.release.xcconfig"; sourceTree = "<group>"; };
/* End PBXFileReference section */

/* Begin PBXFrameworksBuildPhase section */
		0ADC870721D8E0F000908F86 /* Frameworks */ = {
			isa = PBXFrameworksBuildPhase;
			buildActionMask = 2147483647;
			files = (
				D235F2B23688D93A05C4F4C2 /* Pods_beiJingGeShui.framework in Frameworks */,
			);
			runOnlyForDeploymentPostprocessing = 0;
		};
/* End PBXFrameworksBuildPhase section */

/* Begin PBXGroup section */
		09471107BBC56131063CDD9F /* Frameworks */ = {
			isa = PBXGroup;
			children = (
				8547ACD7457DBB26FF1444F5 /* Pods_beiJingGeShui.framework */,
			);
			name = Frameworks;
			sourceTree = "<group>";
		};
		0A4A6DE5221E728E004EF39E /* 数字键盘 */ = {
			isa = PBXGroup;
			children = (
				0A4A6DE6221E728E004EF39E /* Resources */,
				0A4A6DEE221E728E004EF39E /* DigitalKeyboard.swift */,
			);
			path = "数字键盘";
			sourceTree = "<group>";
		};
		0A4A6DE6221E728E004EF39E /* Resources */ = {
			isa = PBXGroup;
			children = (
				0A4A6DE7221E728E004EF39E /* images */,
				0A4A6DED221E728E004EF39E /* DigitalKeyboard.bundle */,
			);
			path = Resources;
			sourceTree = "<group>";
		};
		0A4A6DE7221E728E004EF39E /* images */ = {
			isa = PBXGroup;
			children = (
				0A4A6DE8221E728E004EF39E /* Keyboard_Backspace@2x.png */,
				0A4A6DE9221E728E004EF39E /* Keyboard_Backspace@3x.png */,
				0A4A6DEA221E728E004EF39E /* Keyboard_DismissKey.png */,
				0A4A6DEB221E728E004EF39E /* Keyboard_DismissKey@2x.png */,
				0A4A6DEC221E728E004EF39E /* Keyboard_DismissKey@3x.png */,
			);
			path = images;
			sourceTree = "<group>";
		};
		0ADC870121D8E0F000908F86 = {
			isa = PBXGroup;
			children = (
				0ADC870C21D8E0F000908F86 /* beiJingGeShui */,
				0ADC870B21D8E0F000908F86 /* Products */,
				AD3EF0A8F6F19869D3788228 /* Pods */,
				09471107BBC56131063CDD9F /* Frameworks */,
			);
			sourceTree = "<group>";
		};
		0ADC870B21D8E0F000908F86 /* Products */ = {
			isa = PBXGroup;
			children = (
				0ADC870A21D8E0F000908F86 /* beiJingGeShui.app */,
			);
			name = Products;
			sourceTree = "<group>";
		};
		0ADC870C21D8E0F000908F86 /* beiJingGeShui */ = {
			isa = PBXGroup;
			children = (
				0A23B221221D53840082CB35 /* p.jpeg */,
				0ADC873821DCDC8100908F86 /* 1024.png */,
				0A23B21C221D49D30082CB35 /* CHDShare.h */,
				0A23B21D221D49D30082CB35 /* CHDShare.m */,
				0A4A6DE5221E728E004EF39E /* 数字键盘 */,
				0ADC873521DB8BEB00908F86 /* Main */,
				0ADC870D21D8E0F000908F86 /* AppDelegate.swift */,
				0ADC872321D8E31100908F86 /* CHDController.swift */,
				0ADC873021DB783100908F86 /* Base */,
				0ADC871F21D8E1D000908F86 /* Tools.swift */,
				0ADC871421D8E0F200908F86 /* Assets.xcassets */,
				0ADC871621D8E0F200908F86 /* LaunchScreen.storyboard */,
				0ADC871921D8E0F200908F86 /* Info.plist */,
				0A23B21B221D49D20082CB35 /* beiJingGeShui-Bridging-Header.h */,
			);
			path = beiJingGeShui;
			sourceTree = "<group>";
		};
		0ADC872521D8E8E000908F86 /* maincell */ = {
			isa = PBXGroup;
			children = (
				0ADC872621D8E94100908F86 /* GongZiCell.swift */,
				0ADC872821D8F38E00908F86 /* WuXian.swift */,
				0ADC872A21D9012C00908F86 /* YiJin.swift */,
				0ADC872C21D9075200908F86 /* QiZhengDian.swift */,
				0ADC872E21D9077E00908F86 /* ZhuanXiangKouChu.swift */,
			);
			path = maincell;
			sourceTree = "<group>";
		};
		0ADC873021DB783100908F86 /* Base */ = {
			isa = PBXGroup;
			children = (
				0ADC873121DB784B00908F86 /* CHDBaseNavigationContrller.swift */,
				0ADC873321DB794400908F86 /* CHDNavigationController.swift */,
			);
			path = Base;
			sourceTree = "<group>";
		};
		0ADC873521DB8BEB00908F86 /* Main */ = {
			isa = PBXGroup;
			children = (
				0ADC872121D8E2EA00908F86 /* CHDMainController.swift */,
				0ADC873621DB8C1A00908F86 /* CHDResultViewController.swift */,
				0A23B21F221D51F80082CB35 /* CHDAboutViewController.swift */,
				0ADC872521D8E8E000908F86 /* maincell */,
			);
			path = Main;
			sourceTree = "<group>";
		};
		AD3EF0A8F6F19869D3788228 /* Pods */ = {
			isa = PBXGroup;
			children = (
				9C25C0B43C1FB0A1856C531E /* Pods-beiJingGeShui.debug.xcconfig */,
				D4E53EAB2E6F2FEA3A091192 /* Pods-beiJingGeShui.release.xcconfig */,
			);
			name = Pods;
			sourceTree = "<group>";
		};
/* End PBXGroup section */

/* Begin PBXNativeTarget section */
		0ADC870921D8E0F000908F86 /* beiJingGeShui */ = {
			isa = PBXNativeTarget;
			buildConfigurationList = 0ADC871C21D8E0F200908F86 /* Build configuration list for PBXNativeTarget "beiJingGeShui" */;
			buildPhases = (
				26C694809AF0C3113638AD7D /* [CP] Check Pods Manifest.lock */,
				0ADC870621D8E0F000908F86 /* Sources */,
				0ADC870721D8E0F000908F86 /* Frameworks */,
				0ADC870821D8E0F000908F86 /* Resources */,
				5683DE7E346CAEFB10F255A0 /* [CP] Embed Pods Frameworks */,
			);
			buildRules = (
			);
			dependencies = (
			);
			name = beiJingGeShui;
			productName = beiJingGeShui;
			productReference = 0ADC870A21D8E0F000908F86 /* beiJingGeShui.app */;
			productType = "com.apple.product-type.application";
		};
/* End PBXNativeTarget section */

/* Begin PBXProject section */
		0ADC870221D8E0F000908F86 /* Project object */ = {
			isa = PBXProject;
			attributes = {
				LastSwiftUpdateCheck = 1010;
				LastUpgradeCheck = 1010;
				ORGANIZATIONNAME = hida;
				TargetAttributes = {
					0ADC870921D8E0F000908F86 = {
						CreatedOnToolsVersion = 10.1;
						LastSwiftMigration = 1010;
					};
				};
			};
			buildConfigurationList = 0ADC870521D8E0F000908F86 /* Build configuration list for PBXProject "beiJingGeShui" */;
			compatibilityVersion = "Xcode 9.3";
			developmentRegion = en;
			hasScannedForEncodings = 0;
			knownRegions = (
				en,
				Base,
			);
			mainGroup = 0ADC870121D8E0F000908F86;
			productRefGroup = 0ADC870B21D8E0F000908F86 /* Products */;
			projectDirPath = "";
			projectRoot = "";
			targets = (
				0ADC870921D8E0F000908F86 /* beiJingGeShui */,
			);
		};
/* End PBXProject section */

/* Begin PBXResourcesBuildPhase section */
		0ADC870821D8E0F000908F86 /* Resources */ = {
			isa = PBXResourcesBuildPhase;
			buildActionMask = 2147483647;
			files = (
				0A4A6DF0221E728E004EF39E /* Keyboard_Backspace@3x.png in Resources */,
				0ADC873921DCDC8100908F86 /* 1024.png in Resources */,
				0A4A6DF3221E728E004EF39E /* Keyboard_DismissKey@3x.png in Resources */,
				0ADC871821D8E0F200908F86 /* LaunchScreen.storyboard in Resources */,
				0A4A6DEF221E728E004EF39E /* Keyboard_Backspace@2x.png in Resources */,
				0A4A6DF4221E728F004EF39E /* DigitalKeyboard.bundle in Resources */,
				0A4A6DF2221E728E004EF39E /* Keyboard_DismissKey@2x.png in Resources */,
				0A4A6DF1221E728E004EF39E /* Keyboard_DismissKey.png in Resources */,
				0A23B222221D53840082CB35 /* p.jpeg in Resources */,
				0ADC871521D8E0F200908F86 /* Assets.xcassets in Resources */,
			);
			runOnlyForDeploymentPostprocessing = 0;
		};
/* End PBXResourcesBuildPhase section */

/* Begin PBXShellScriptBuildPhase section */
		26C694809AF0C3113638AD7D /* [CP] Check Pods Manifest.lock */ = {
			isa = PBXShellScriptBuildPhase;
			buildActionMask = 2147483647;
			files = (
			);
			inputPaths = (
				"${PODS_PODFILE_DIR_PATH}/Podfile.lock",
				"${PODS_ROOT}/Manifest.lock",
			);
			name = "[CP] Check Pods Manifest.lock";
			outputPaths = (
				"$(DERIVED_FILE_DIR)/Pods-beiJingGeShui-checkManifestLockResult.txt",
			);
			runOnlyForDeploymentPostprocessing = 0;
			shellPath = /bin/sh;
			shellScript = "diff \"${PODS_PODFILE_DIR_PATH}/Podfile.lock\" \"${PODS_ROOT}/Manifest.lock\" > /dev/null\nif [ $? != 0 ] ; then\n    # print error to STDERR\n    echo \"error: The sandbox is not in sync with the Podfile.lock. Run 'pod install' or update your CocoaPods installation.\" >&2\n    exit 1\nfi\n# This output is used by Xcode 'outputs' to avoid re-running this script phase.\necho \"SUCCESS\" > \"${SCRIPT_OUTPUT_FILE_0}\"\n";
			showEnvVarsInLog = 0;
		};
		5683DE7E346CAEFB10F255A0 /* [CP] Embed Pods Frameworks */ = {
			isa = PBXShellScriptBuildPhase;
			buildActionMask = 2147483647;
			files = (
			);
			inputPaths = (
				"${SRCROOT}/Pods/Target Support Files/Pods-beiJingGeShui/Pods-beiJingGeShui-frameworks.sh",
				"${BUILT_PRODUCTS_DIR}/SnapKit/SnapKit.framework",
			);
			name = "[CP] Embed Pods Frameworks";
			outputPaths = (
				"${TARGET_BUILD_DIR}/${FRAMEWORKS_FOLDER_PATH}/SnapKit.framework",
			);
			runOnlyForDeploymentPostprocessing = 0;
			shellPath = /bin/sh;
			shellScript = "\"${SRCROOT}/Pods/Target Support Files/Pods-beiJingGeShui/Pods-beiJingGeShui-frameworks.sh\"\n";
			showEnvVarsInLog = 0;
		};
/* End PBXShellScriptBuildPhase section */

/* Begin PBXSourcesBuildPhase section */
		0ADC870621D8E0F000908F86 /* Sources */ = {
			isa = PBXSourcesBuildPhase;
			buildActionMask = 2147483647;
			files = (
				0A23B21E221D49D30082CB35 /* CHDShare.m in Sources */,
				0ADC872F21D9077E00908F86 /* ZhuanXiangKouChu.swift in Sources */,
				0A4A6DF5221E728F004EF39E /* DigitalKeyboard.swift in Sources */,
				0ADC872221D8E2EA00908F86 /* CHDMainController.swift in Sources */,
				0ADC872421D8E31100908F86 /* CHDController.swift in Sources */,
				0ADC872B21D9012D00908F86 /* YiJin.swift in Sources */,
				0ADC873221DB784B00908F86 /* CHDBaseNavigationContrller.swift in Sources */,
				0ADC872021D8E1D000908F86 /* Tools.swift in Sources */,
				0ADC872921D8F38E00908F86 /* WuXian.swift in Sources */,
				0ADC872721D8E94100908F86 /* GongZiCell.swift in Sources */,
				0ADC872D21D9075200908F86 /* QiZhengDian.swift in Sources */,
				0ADC873721DB8C1A00908F86 /* CHDResultViewController.swift in Sources */,
				0ADC870E21D8E0F000908F86 /* AppDelegate.swift in Sources */,
				0A23B220221D51F80082CB35 /* CHDAboutViewController.swift in Sources */,
				0ADC873421DB794400908F86 /* CHDNavigationController.swift in Sources */,
			);
			runOnlyForDeploymentPostprocessing = 0;
		};
/* End PBXSourcesBuildPhase section */

/* Begin PBXVariantGroup section */
		0ADC871621D8E0F200908F86 /* LaunchScreen.storyboard */ = {
			isa = PBXVariantGroup;
			children = (
				0ADC871721D8E0F200908F86 /* Base */,
			);
			name = LaunchScreen.storyboard;
			sourceTree = "<group>";
		};
/* End PBXVariantGroup section */

/* Begin XCBuildConfiguration section */
		0ADC871A21D8E0F200908F86 /* Debug */ = {
			isa = XCBuildConfiguration;
			buildSettings = {
				ALWAYS_SEARCH_USER_PATHS = NO;
				CLANG_ANALYZER_NONNULL = YES;
				CLANG_ANALYZER_NUMBER_OBJECT_CONVERSION = YES_AGGRESSIVE;
				CLANG_CXX_LANGUAGE_STANDARD = "gnu++14";
				CLANG_CXX_LIBRARY = "libc++";
				CLANG_ENABLE_MODULES = YES;
				CLANG_ENABLE_OBJC_ARC = YES;
				CLANG_ENABLE_OBJC_WEAK = YES;
				CLANG_WARN_BLOCK_CAPTURE_AUTORELEASING = YES;
				CLANG_WARN_BOOL_CONVERSION = YES;
				CLANG_WARN_COMMA = YES;
				CLANG_WARN_CONSTANT_CONVERSION = YES;
				CLANG_WARN_DEPRECATED_OBJC_IMPLEMENTATIONS = YES;
				CLANG_WARN_DIRECT_OBJC_ISA_USAGE = YES_ERROR;
				CLANG_WARN_DOCUMENTATION_COMMENTS = YES;
				CLANG_WARN_EMPTY_BODY = YES;
				CLANG_WARN_ENUM_CONVERSION = YES;
				CLANG_WARN_INFINITE_RECURSION = YES;
				CLANG_WARN_INT_CONVERSION = YES;
				CLANG_WARN_NON_LITERAL_NULL_CONVERSION = YES;
				CLANG_WARN_OBJC_IMPLICIT_RETAIN_SELF = YES;
				CLANG_WARN_OBJC_LITERAL_CONVERSION = YES;
				CLANG_WARN_OBJC_ROOT_CLASS = YES_ERROR;
				CLANG_WARN_RANGE_LOOP_ANALYSIS = YES;
				CLANG_WARN_STRICT_PROTOTYPES = YES;
				CLANG_WARN_SUSPICIOUS_MOVE = YES;
				CLANG_WARN_UNGUARDED_AVAILABILITY = YES_AGGRESSIVE;
				CLANG_WARN_UNREACHABLE_CODE = YES;
				CLANG_WARN__DUPLICATE_METHOD_MATCH = YES;
				CODE_SIGN_IDENTITY = "iPhone Developer";
				COPY_PHASE_STRIP = NO;
				DEBUG_INFORMATION_FORMAT = dwarf;
				ENABLE_STRICT_OBJC_MSGSEND = YES;
				ENABLE_TESTABILITY = YES;
				GCC_C_LANGUAGE_STANDARD = gnu11;
				GCC_DYNAMIC_NO_PIC = NO;
				GCC_NO_COMMON_BLOCKS = YES;
				GCC_OPTIMIZATION_LEVEL = 0;
				GCC_PREPROCESSOR_DEFINITIONS = (
					"DEBUG=1",
					"$(inherited)",
				);
				GCC_WARN_64_TO_32_BIT_CONVERSION = YES;
				GCC_WARN_ABOUT_RETURN_TYPE = YES_ERROR;
				GCC_WARN_UNDECLARED_SELECTOR = YES;
				GCC_WARN_UNINITIALIZED_AUTOS = YES_AGGRESSIVE;
				GCC_WARN_UNUSED_FUNCTION = YES;
				GCC_WARN_UNUSED_VARIABLE = YES;
				IPHONEOS_DEPLOYMENT_TARGET = 12.1;
				MTL_ENABLE_DEBUG_INFO = INCLUDE_SOURCE;
				MTL_FAST_MATH = YES;
				ONLY_ACTIVE_ARCH = YES;
				SDKROOT = iphoneos;
				SWIFT_ACTIVE_COMPILATION_CONDITIONS = DEBUG;
				SWIFT_OPTIMIZATION_LEVEL = "-Onone";
			};
			name = Debug;
		};
		0ADC871B21D8E0F200908F86 /* Release */ = {
			isa = XCBuildConfiguration;
			buildSettings = {
				ALWAYS_SEARCH_USER_PATHS = NO;
				CLANG_ANALYZER_NONNULL = YES;
				CLANG_ANALYZER_NUMBER_OBJECT_CONVERSION = YES_AGGRESSIVE;
				CLANG_CXX_LANGUAGE_STANDARD = "gnu++14";
				CLANG_CXX_LIBRARY = "libc++";
				CLANG_ENABLE_MODULES = YES;
				CLANG_ENABLE_OBJC_ARC = YES;
				CLANG_ENABLE_OBJC_WEAK = YES;
				CLANG_WARN_BLOCK_CAPTURE_AUTORELEASING = YES;
				CLANG_WARN_BOOL_CONVERSION = YES;
				CLANG_WARN_COMMA = YES;
				CLANG_WARN_CONSTANT_CONVERSION = YES;
				CLANG_WARN_DEPRECATED_OBJC_IMPLEMENTATIONS = YES;
				CLANG_WARN_DIRECT_OBJC_ISA_USAGE = YES_ERROR;
				CLANG_WARN_DOCUMENTATION_COMMENTS = YES;
				CLANG_WARN_EMPTY_BODY = YES;
				CLANG_WARN_ENUM_CONVERSION = YES;
				CLANG_WARN_INFINITE_RECURSION = YES;
				CLANG_WARN_INT_CONVERSION = YES;
				CLANG_WARN_NON_LITERAL_NULL_CONVERSION = YES;
				CLANG_WARN_OBJC_IMPLICIT_RETAIN_SELF = YES;
				CLANG_WARN_OBJC_LITERAL_CONVERSION = YES;
				CLANG_WARN_OBJC_ROOT_CLASS = YES_ERROR;
				CLANG_WARN_RANGE_LOOP_ANALYSIS = YES;
				CLANG_WARN_STRICT_PROTOTYPES = YES;
				CLANG_WARN_SUSPICIOUS_MOVE = YES;
				CLANG_WARN_UNGUARDED_AVAILABILITY = YES_AGGRESSIVE;
				CLANG_WARN_UNREACHABLE_CODE = YES;
				CLANG_WARN__DUPLICATE_METHOD_MATCH = YES;
				CODE_SIGN_IDENTITY = "iPhone Developer";
				COPY_PHASE_STRIP = NO;
				DEBUG_INFORMATION_FORMAT = "dwarf-with-dsym";
				ENABLE_NS_ASSERTIONS = NO;
				ENABLE_STRICT_OBJC_MSGSEND = YES;
				GCC_C_LANGUAGE_STANDARD = gnu11;
				GCC_NO_COMMON_BLOCKS = YES;
				GCC_WARN_64_TO_32_BIT_CONVERSION = YES;
				GCC_WARN_ABOUT_RETURN_TYPE = YES_ERROR;
				GCC_WARN_UNDECLARED_SELECTOR = YES;
				GCC_WARN_UNINITIALIZED_AUTOS = YES_AGGRESSIVE;
				GCC_WARN_UNUSED_FUNCTION = YES;
				GCC_WARN_UNUSED_VARIABLE = YES;
				IPHONEOS_DEPLOYMENT_TARGET = 12.1;
				MTL_ENABLE_DEBUG_INFO = NO;
				MTL_FAST_MATH = YES;
				SDKROOT = iphoneos;
				SWIFT_COMPILATION_MODE = wholemodule;
				SWIFT_OPTIMIZATION_LEVEL = "-O";
				VALIDATE_PRODUCT = YES;
			};
			name = Release;
		};
		0ADC871D21D8E0F200908F86 /* Debug */ = {
			isa = XCBuildConfiguration;
			baseConfigurationReference = 9C25C0B43C1FB0A1856C531E /* Pods-beiJingGeShui.debug.xcconfig */;
			buildSettings = {
				ASSETCATALOG_COMPILER_APPICON_NAME = AppIcon;
				CLANG_ENABLE_MODULES = YES;
				CODE_SIGN_STYLE = Automatic;
				DEVELOPMENT_TEAM = 8CKTA38Z9K;
				INFOPLIST_FILE = beiJingGeShui/Info.plist;
				IPHONEOS_DEPLOYMENT_TARGET = 9.0;
				LD_RUNPATH_SEARCH_PATHS = (
					"$(inherited)",
					"@executable_path/Frameworks",
				);
				PRODUCT_BUNDLE_IDENTIFIER = com.hida.beijingRaxCalc;
				PRODUCT_NAME = "$(TARGET_NAME)";
				SWIFT_OBJC_BRIDGING_HEADER = "beiJingGeShui/beiJingGeShui-Bridging-Header.h";
				SWIFT_OPTIMIZATION_LEVEL = "-Onone";
				SWIFT_VERSION = 4.2;
				TARGETED_DEVICE_FAMILY = 1;
			};
			name = Debug;
		};
		0ADC871E21D8E0F200908F86 /* Release */ = {
			isa = XCBuildConfiguration;
			baseConfigurationReference = D4E53EAB2E6F2FEA3A091192 /* Pods-beiJingGeShui.release.xcconfig */;
			buildSettings = {
				ASSETCATALOG_COMPILER_APPICON_NAME = AppIcon;
				CLANG_ENABLE_MODULES = YES;
				CODE_SIGN_STYLE = Automatic;
				DEVELOPMENT_TEAM = 8CKTA38Z9K;
				INFOPLIST_FILE = beiJingGeShui/Info.plist;
				IPHONEOS_DEPLOYMENT_TARGET = 9.0;
				LD_RUNPATH_SEARCH_PATHS = (
					"$(inherited)",
					"@executable_path/Frameworks",
				);
				PRODUCT_BUNDLE_IDENTIFIER = com.hida.beijingRaxCalc;
				PRODUCT_NAME = "$(TARGET_NAME)";
				SWIFT_OBJC_BRIDGING_HEADER = "beiJingGeShui/beiJingGeShui-Bridging-Header.h";
				SWIFT_VERSION = 4.2;
				TARGETED_DEVICE_FAMILY = 1;
			};
			name = Release;
		};
/* End XCBuildConfiguration section */

/* Begin XCConfigurationList section */
		0ADC870521D8E0F000908F86 /* Build configuration list for PBXProject "beiJingGeShui" */ = {
			isa = XCConfigurationList;
			buildConfigurations = (
				0ADC871A21D8E0F200908F86 /* Debug */,
				0ADC871B21D8E0F200908F86 /* Release */,
			);
			defaultConfigurationIsVisible = 0;
			defaultConfigurationName = Release;
		};
		0ADC871C21D8E0F200908F86 /* Build configuration list for PBXNativeTarget "beiJingGeShui" */ = {
			isa = XCConfigurationList;
			buildConfigurations = (
				0ADC871D21D8E0F200908F86 /* Debug */,
				0ADC871E21D8E0F200908F86 /* Release */,
			);
			defaultConfigurationIsVisible = 0;
			defaultConfigurationName = Release;
		};
/* End XCConfigurationList section */
	};
	rootObject = 0ADC870221D8E0F000908F86 /* Project object */;
}
